
Microsoft Visual Studio Solution File, Format Version 12.00
# Visual Studio Version 17
VisualStudioVersion = 17.11.35222.181
MinimumVisualStudioVersion = 10.0.40219.1
Project("{8BC9CEB8-8B4A-11D0-8D11-00A0C91BC942}") = "Дз_16", "Дз_16\Дз_16.vcxproj", "{79B453E3-D670-4A67-825A-B12857FBCBCB}"
EndProject
Global
	GlobalSection(SolutionConfigurationPlatforms) = preSolution
		Debug|x64 = Debug|x64
		Debug|x86 = Debug|x86
		Release|x64 = Release|x64
		Release|x86 = Release|x86
	EndGlobalSection
	GlobalSection(ProjectConfigurationPlatforms) = postSolution
		{79B453E3-D670-4A67-825A-B12857FBCBCB}.Debug|x64.ActiveCfg = Debug|x64
		{79B453E3-D670-4A67-825A-B12857FBCBCB}.Debug|x64.Build.0 = Debug|x64
		{79B453E3-D670-4A67-825A-B12857FBCBCB}.Debug|x86.ActiveCfg = Debug|Win32
		{79B453E3-D670-4A67-825A-B12857FBCBCB}.Debug|x86.Build.0 = Debug|Win32
		{79B453E3-D670-4A67-825A-B12857FBCBCB}.Release|x64.ActiveCfg = Release|x64
		{79B453E3-D670-4A67-825A-B12857FBCBCB}.Release|x64.Build.0 = Release|x64
		{79B453E3-D670-4A67-825A-B12857FBCBCB}.Release|x86.ActiveCfg = Release|Win32
		{79B453E3-D670-4A67-825A-B12857FBCBCB}.Release|x86.Build.0 = Release|Win32
	EndGlobalSection
	GlobalSection(SolutionProperties) = preSolution
		HideSolutionNode = FALSE
	EndGlobalSection
	GlobalSection(ExtensibilityGlobals) = postSolution
		SolutionGuid = {0ED5F66D-8A00-49B7-81E9-241B1B125E5E}
	EndGlobalSection
EndGlobal
